
Microsoft Visual Studio Solution File, Format Version 12.00
# Visual Studio Version 17
VisualStudioVersion = 17.14.36930.0 d17.14
MinimumVisualStudioVersion = 10.0.40219.1
Project("{FAE04EC0-301F-11D3-BF4B-00C04F79EFBC}") = "GymSystem", "GymSystem\GymSystem.csproj", "{0045F0C2-600D-42B4-A312-0380CA1C32E0}"
EndProject
Global
	GlobalSection(SolutionConfigurationPlatforms) = preSolution
		Debug|Any CPU = Debug|Any CPU
		Release|Any CPU = Release|Any CPU
	EndGlobalSection
	GlobalSection(ProjectConfigurationPlatforms) = postSolution
		{0045F0C2-600D-42B4-A312-0380CA1C32E0}.Debug|Any CPU.ActiveCfg = Debug|Any CPU
		{0045F0C2-600D-42B4-A312-0380CA1C32E0}.Debug|Any CPU.Build.0 = Debug|Any CPU
		{0045F0C2-600D-42B4-A312-0380CA1C32E0}.Release|Any CPU.ActiveCfg = Release|Any CPU
		{0045F0C2-600D-42B4-A312-0380CA1C32E0}.Release|Any CPU.Build.0 = Release|Any CPU
	EndGlobalSection
	GlobalSection(SolutionProperties) = preSolution
		HideSolutionNode = FALSE
	EndGlobalSection
	GlobalSection(ExtensibilityGlobals) = postSolution
		SolutionGuid = {114EA061-6DF0-4F46-A4FF-D2C0F85E3851}
	EndGlobalSection
EndGlobal
